{
  "originHash" : "4cee91d86ef72b26e7e5c59fd4908cce2ce898d4f5a4742fea6dfc7adedcf4f0",
  "pins" : [
    {
      "identity" : "factory",
      "kind" : "remoteSourceControl",
      "location" : "https://github.com/hmlongco/Factory",
      "state" : {
        "revision" : "ccc898f21992ebc130bc04cc197460a5ae230bcf",
        "version" : "2.5.3"
      }
    },
    {
      "identity" : "snapkit",
      "kind" : "remoteSourceControl",
      "location" : "https://github.com/SnapKit/SnapKit",
      "state" : {
        "revision" : "2842e6e84e82eb9a8dac0100ca90d9444b0307f4",
        "version" : "5.7.1"
      }
    }
  ],
  "version" : 3
}
